
Microsoft Visual Studio Solution File, Format Version 12.00
# Visual Studio 15
VisualStudioVersion = 15.0.27130.2010
MinimumVisualStudioVersion = 10.0.40219.1
Project("{9A19103F-16F7-4668-BE54-9A1E7A4F7556}") = "TaskProject", "TaskProject\TaskProject.csproj", "{9708EB04-E0FF-42C0-9CD0-A368BEF4B4F8}"
EndProject
Project("{9A19103F-16F7-4668-BE54-9A1E7A4F7556}") = "TaskLibrary", "TaskLibrary\TaskLibrary.csproj", "{3ECE7014-C9E8-4750-BC18-1611C056CC84}"
EndProject
Global
	GlobalSection(SolutionConfigurationPlatforms) = preSolution
		Debug|Any CPU = Debug|Any CPU
		Release|Any CPU = Release|Any CPU
	EndGlobalSection
	GlobalSection(ProjectConfigurationPlatforms) = postSolution
		{9708EB04-E0FF-42C0-9CD0-A368BEF4B4F8}.Debug|Any CPU.ActiveCfg = Debug|Any CPU
		{9708EB04-E0FF-42C0-9CD0-A368BEF4B4F8}.Debug|Any CPU.Build.0 = Debug|Any CPU
		{9708EB04-E0FF-42C0-9CD0-A368BEF4B4F8}.Release|Any CPU.ActiveCfg = Release|Any CPU
		{9708EB04-E0FF-42C0-9CD0-A368BEF4B4F8}.Release|Any CPU.Build.0 = Release|Any CPU
		{3ECE7014-C9E8-4750-BC18-1611C056CC84}.Debug|Any CPU.ActiveCfg = Debug|Any CPU
		{3ECE7014-C9E8-4750-BC18-1611C056CC84}.Debug|Any CPU.Build.0 = Debug|Any CPU
		{3ECE7014-C9E8-4750-BC18-1611C056CC84}.Release|Any CPU.ActiveCfg = Release|Any CPU
		{3ECE7014-C9E8-4750-BC18-1611C056CC84}.Release|Any CPU.Build.0 = Release|Any CPU
	EndGlobalSection
	GlobalSection(SolutionProperties) = preSolution
		HideSolutionNode = FALSE
	EndGlobalSection
	GlobalSection(ExtensibilityGlobals) = postSolution
		SolutionGuid = {606637A7-B113-4D27-A944-FE85D80D2A17}
	EndGlobalSection
EndGlobal
